// !$*UTF8*$!
{
	archiveVersion = 1;
	classes = {
	};
	objectVersion = 46;
	objects = {

/* Begin PBXBuildFile section */
		1831CE581479F89F005598E0 /* UIKit.framework in Frameworks */ = {isa = PBXBuildFile; fileRef = 1831CE571479F89F005598E0 /* UIKit.framework */; };
		1831CE5A1479F89F005598E0 /* Foundation.framework in Frameworks */ = {isa = PBXBuildFile; fileRef = 1831CE591479F89F005598E0 /* Foundation.framework */; };
		1831CE5C1479F89F005598E0 /* CoreGraphics.framework in Frameworks */ = {isa = PBXBuildFile; fileRef = 1831CE5B1479F89F005598E0 /* CoreGraphics.framework */; };
		1831CE621479F89F005598E0 /* InfoPlist.strings in Resources */ = {isa = PBXBuildFile; fileRef = 1831CE601479F89F005598E0 /* InfoPlist.strings */; };
		1831CE641479F89F005598E0 /* main.m in Sources */ = {isa = PBXBuildFile; fileRef = 1831CE631479F89F005598E0 /* main.m */; };
		1831CE681479F89F005598E0 /* DragonFruitAppDelegate.m in Sources */ = {isa = PBXBuildFile; fileRef = 1831CE671479F89F005598E0 /* DragonFruitAppDelegate.m */; };
		1831CE6B1479F89F005598E0 /* MainWindow.xib in Resources */ = {isa = PBXBuildFile; fileRef = 1831CE691479F89F005598E0 /* MainWindow.xib */; };
/* End PBXBuildFile section */

/* Begin PBXFileReference section */
		1831CE531479F89F005598E0 /* DragonFruit.app */ = {isa = PBXFileReference; explicitFileType = wrapper.application; includeInIndex = 0; path = DragonFruit.app; sourceTree = BUILT_PRODUCTS_DIR; };
		1831CE571479F89F005598E0 /* UIKit.framework */ = {isa = PBXFileReference; lastKnownFileType = wrapper.framework; name = UIKit.framework; path = System/Library/Frameworks/UIKit.framework; sourceTree = SDKROOT; };
		1831CE591479F89F005598E0 /* Foundation.framework */ = {isa = PBXFileReference; lastKnownFileType = wrapper.framework; name = Foundation.framework; path = System/Library/Frameworks/Foundation.framework; sourceTree = SDKROOT; };
		1831CE5B1479F89F005598E0 /* CoreGraphics.framework */ = {isa = PBXFileReference; lastKnownFileType = wrapper.framework; name = CoreGraphics.framework; path = System/Library/Frameworks/CoreGraphics.framework; sourceTree = SDKROOT; };
		1831CE5F1479F89F005598E0 /* DragonFruit-Info.plist */ = {isa = PBXFileReference; lastKnownFileType = text.plist.xml; path = "DragonFruit-Info.plist"; sourceTree = "<group>"; };
		1831CE611479F89F005598E0 /* en */ = {isa = PBXFileReference; lastKnownFileType = text.plist.strings; name = en; path = en.lproj/InfoPlist.strings; sourceTree = "<group>"; };
		1831CE631479F89F005598E0 /* main.m */ = {isa = PBXFileReference; lastKnownFileType = sourcecode.c.objc; path = main.m; sourceTree = "<group>"; };
		1831CE651479F89F005598E0 /* DragonFruit-Prefix.pch */ = {isa = PBXFileReference; lastKnownFileType = sourcecode.c.h; path = "DragonFruit-Prefix.pch"; sourceTree = "<group>"; };
		1831CE661479F89F005598E0 /* DragonFruitAppDelegate.h */ = {isa = PBXFileReference; lastKnownFileType = sourcecode.c.h; path = DragonFruitAppDelegate.h; sourceTree = "<group>"; };
		1831CE671479F89F005598E0 /* DragonFruitAppDelegate.m */ = {isa = PBXFileReference; lastKnownFileType = sourcecode.c.objc; path = DragonFruitAppDelegate.m; sourceTree = "<group>"; };
		1831CE6A1479F89F005598E0 /* en */ = {isa = PBXFileReference; lastKnownFileType = file.xib; name = en; path = en.lproj/MainWindow.xib; sourceTree = "<group>"; };
/* End PBXFileReference section */

/* Begin PBXFrameworksBuildPhase section */
		1831CE501479F89F005598E0 /* Frameworks */ = {
			isa = PBXFrameworksBuildPhase;
			buildActionMask = 2147483647;
			files = (
				1831CE581479F89F005598E0 /* UIKit.framework in Frameworks */,
				1831CE5A1479F89F005598E0 /* Foundation.framework in Frameworks */,
				1831CE5C1479F89F005598E0 /* CoreGraphics.framework in Frameworks */,
			);
			runOnlyForDeploymentPostprocessing = 0;
		};
/* End PBXFrameworksBuildPhase section */

/* Begin PBXGroup section */
		1831CE481479F89F005598E0 = {
			isa = PBXGroup;
			children = (
				1831CE5D1479F89F005598E0 /* DragonFruit */,
				1831CE561479F89F005598E0 /* Frameworks */,
				1831CE541479F89F005598E0 /* Products */,
			);
			sourceTree = "<group>";
		};
		1831CE541479F89F005598E0 /* Products */ = {
			isa = PBXGroup;
			children = (
				1831CE531479F89F005598E0 /* DragonFruit.app */,
			);
			name = Products;
			sourceTree = "<group>";
		};
		1831CE561479F89F005598E0 /* Frameworks */ = {
			isa = PBXGroup;
			children = (
				1831CE571479F89F005598E0 /* UIKit.framework */,
				1831CE591479F89F005598E0 /* Foundation.framework */,
				1831CE5B1479F89F005598E0 /* CoreGraphics.framework */,
			);
			name = Frameworks;
			sourceTree = "<group>";
		};
		1831CE5D1479F89F005598E0 /* DragonFruit */ = {
			isa = PBXGroup;
			children = (
				1831CE661479F89F005598E0 /* DragonFruitAppDelegate.h */,
				1831CE671479F89F005598E0 /* DragonFruitAppDelegate.m */,
				1831CE691479F89F005598E0 /* MainWindow.xib */,
				1831CE5E1479F89F005598E0 /* Supporting Files */,
			);
			path = DragonFruit;
			sourceTree = "<group>";
		};
		1831CE5E1479F89F005598E0 /* Supporting Files */ = {
			isa = PBXGroup;
			children = (
				1831CE5F1479F89F005598E0 /* DragonFruit-Info.plist */,
				1831CE601479F89F005598E0 /* InfoPlist.strings */,
				1831CE631479F89F005598E0 /* main.m */,
				1831CE651479F89F005598E0 /* DragonFruit-Prefix.pch */,
			);
			name = "Supporting Files";
			sourceTree = "<group>";
		};
/* End PBXGroup section */

/* Begin PBXNativeTarget section */
		1831CE521479F89F005598E0 /* DragonFruit */ = {
			isa = PBXNativeTarget;
			buildConfigurationList = 1831CE6E1479F89F005598E0 /* Build configuration list for PBXNativeTarget "DragonFruit" */;
			buildPhases = (
				1831CE4F1479F89F005598E0 /* Sources */,
				1831CE501479F89F005598E0 /* Frameworks */,
				1831CE511479F89F005598E0 /* Resources */,
			);
			buildRules = (
			);
			dependencies = (
			);
			name = DragonFruit;
			productName = DragonFruit;
			productReference = 1831CE531479F89F005598E0 /* DragonFruit.app */;
			productType = "com.apple.product-type.application";
		};
/* End PBXNativeTarget section */

/* Begin PBXProject section */
		1831CE4A1479F89F005598E0 /* Project object */ = {
			isa = PBXProject;
			attributes = {
				ORGANIZATIONNAME = "University of Manitoba";
			};
			buildConfigurationList = 1831CE4D1479F89F005598E0 /* Build configuration list for PBXProject "DragonFruit" */;
			compatibilityVersion = "Xcode 3.2";
			developmentRegion = English;
			hasScannedForEncodings = 0;
			knownRegions = (
				en,
			);
			mainGroup = 1831CE481479F89F005598E0;
			productRefGroup = 1831CE541479F89F005598E0 /* Products */;
			projectDirPath = "";
			projectRoot = "";
			targets = (
				1831CE521479F89F005598E0 /* DragonFruit */,
			);
		};
/* End PBXProject section */

/* Begin PBXResourcesBuildPhase section */
		1831CE511479F89F005598E0 /* Resources */ = {
			isa = PBXResourcesBuildPhase;
			buildActionMask = 2147483647;
			files = (
				1831CE621479F89F005598E0 /* InfoPlist.strings in Resources */,
				1831CE6B1479F89F005598E0 /* MainWindow.xib in Resources */,
			);
			runOnlyForDeploymentPostprocessing = 0;
		};
/* End PBXResourcesBuildPhase section */

/* Begin PBXSourcesBuildPhase section */
		1831CE4F1479F89F005598E0 /* Sources */ = {
			isa = PBXSourcesBuildPhase;
			buildActionMask = 2147483647;
			files = (
				1831CE641479F89F005598E0 /* main.m in Sources */,
				1831CE681479F89F005598E0 /* DragonFruitAppDelegate.m in Sources */,
			);
			runOnlyForDeploymentPostprocessing = 0;
		};
/* End PBXSourcesBuildPhase section */

/* Begin PBXVariantGroup section */
		1831CE601479F89F005598E0 /* InfoPlist.strings */ = {
			isa = PBXVariantGroup;
			children = (
				1831CE611479F89F005598E0 /* en */,
			);
			name = InfoPlist.strings;
			sourceTree = "<group>";
		};
		1831CE691479F89F005598E0 /* MainWindow.xib */ = {
			isa = PBXVariantGroup;
			children = (
				1831CE6A1479F89F005598E0 /* en */,
			);
			name = MainWindow.xib;
			sourceTree = "<group>";
		};
/* End PBXVariantGroup section */

/* Begin XCBuildConfiguration section */
		1831CE6C1479F89F005598E0 /* Debug */ = {
			isa = XCBuildConfiguration;
			buildSettings = {
				ALWAYS_SEARCH_USER_PATHS = NO;
				ARCHS = "$(ARCHS_STANDARD_32_BIT)";
				"CODE_SIGN_IDENTITY[sdk=iphoneos*]" = "iPhone Developer";
				COPY_PHASE_STRIP = NO;
				GCC_C_LANGUAGE_STANDARD = gnu99;
				GCC_DYNAMIC_NO_PIC = NO;
				GCC_OPTIMIZATION_LEVEL = 0;
				GCC_PREPROCESSOR_DEFINITIONS = (
					"DEBUG=1",
					"$(inherited)",
				);
				GCC_SYMBOLS_PRIVATE_EXTERN = NO;
				GCC_VERSION = com.apple.compilers.llvmgcc42;
				GCC_WARN_ABOUT_MISSING_PROTOTYPES = YES;
				GCC_WARN_ABOUT_RETURN_TYPE = YES;
				GCC_WARN_UNUSED_VARIABLE = YES;
				IPHONEOS_DEPLOYMENT_TARGET = 4.3;
				SDKROOT = iphoneos;
			};
			name = Debug;
		};
		1831CE6D1479F89F005598E0 /* Release */ = {
			isa = XCBuildConfiguration;
			buildSettings = {
				ALWAYS_SEARCH_USER_PATHS = NO;
				ARCHS = "$(ARCHS_STANDARD_32_BIT)";
				"CODE_SIGN_IDENTITY[sdk=iphoneos*]" = "iPhone Developer";
				COPY_PHASE_STRIP = YES;
				GCC_C_LANGUAGE_STANDARD = gnu99;
				GCC_VERSION = com.apple.compilers.llvmgcc42;
				GCC_WARN_ABOUT_MISSING_PROTOTYPES = YES;
				GCC_WARN_ABOUT_RETURN_TYPE = YES;
				GCC_WARN_UNUSED_VARIABLE = YES;
				IPHONEOS_DEPLOYMENT_TARGET = 4.3;
				OTHER_CFLAGS = "-DNS_BLOCK_ASSERTIONS=1";
				SDKROOT = iphoneos;
				VALIDATE_PRODUCT = YES;
			};
			name = Release;
		};
		1831CE6F1479F89F005598E0 /* Debug */ = {
			isa = XCBuildConfiguration;
			buildSettings = {
				GCC_PRECOMPILE_PREFIX_HEADER = YES;
				GCC_PREFIX_HEADER = "DragonFruit/DragonFruit-Prefix.pch";
				INFOPLIST_FILE = "DragonFruit/DragonFruit-Info.plist";
				PRODUCT_NAME = "$(TARGET_NAME)";
				WRAPPER_EXTENSION = app;
			};
			name = Debug;
		};
		1831CE701479F89F005598E0 /* Release */ = {
			isa = XCBuildConfiguration;
			buildSettings = {
				GCC_PRECOMPILE_PREFIX_HEADER = YES;
				GCC_PREFIX_HEADER = "DragonFruit/DragonFruit-Prefix.pch";
				INFOPLIST_FILE = "DragonFruit/DragonFruit-Info.plist";
				PRODUCT_NAME = "$(TARGET_NAME)";
				WRAPPER_EXTENSION = app;
			};
			name = Release;
		};
/* End XCBuildConfiguration section */

/* Begin XCConfigurationList section */
		1831CE4D1479F89F005598E0 /* Build configuration list for PBXProject "DragonFruit" */ = {
			isa = XCConfigurationList;
			buildConfigurations = (
				1831CE6C1479F89F005598E0 /* Debug */,
				1831CE6D1479F89F005598E0 /* Release */,
			);
			defaultConfigurationIsVisible = 0;
			defaultConfigurationName = Release;
		};
		1831CE6E1479F89F005598E0 /* Build configuration list for PBXNativeTarget "DragonFruit" */ = {
			isa = XCConfigurationList;
			buildConfigurations = (
				1831CE6F1479F89F005598E0 /* Debug */,
				1831CE701479F89F005598E0 /* Release */,
			);
			defaultConfigurationIsVisible = 0;
		};
/* End XCConfigurationList section */
	};
	rootObject = 1831CE4A1479F89F005598E0 /* Project object */;
}
